
Microsoft Visual Studio Solution File, Format Version 12.00
# Visual Studio Version 17
VisualStudioVersion = 17.3.32825.248
MinimumVisualStudioVersion = 10.0.40219.1
Project("{FAE04EC0-301F-11D3-BF4B-00C04F79EFBC}") = "PatternSelection", "PatternSelection.csproj", "{76C35E4A-0ED8-4D96-9F64-E2D17C61CB09}"
EndProject
Project("{54435603-DBB4-11D2-8724-00A0C9A8B90C}") = "PatternSelection Installer", "..\PatternSelection Installer\PatternSelection Installer.vdproj", "{8DD141CA-94E7-4BE1-A4E8-6BDF0DFCF8F2}"
EndProject
Global
	GlobalSection(SolutionConfigurationPlatforms) = preSolution
		Debug|Any CPU = Debug|Any CPU
		Release|Any CPU = Release|Any CPU
	EndGlobalSection
	GlobalSection(ProjectConfigurationPlatforms) = postSolution
		{76C35E4A-0ED8-4D96-9F64-E2D17C61CB09}.Debug|Any CPU.ActiveCfg = Debug|Any CPU
		{76C35E4A-0ED8-4D96-9F64-E2D17C61CB09}.Debug|Any CPU.Build.0 = Debug|Any CPU
		{76C35E4A-0ED8-4D96-9F64-E2D17C61CB09}.Release|Any CPU.ActiveCfg = Release|Any CPU
		{76C35E4A-0ED8-4D96-9F64-E2D17C61CB09}.Release|Any CPU.Build.0 = Release|Any CPU
		{8DD141CA-94E7-4BE1-A4E8-6BDF0DFCF8F2}.Debug|Any CPU.ActiveCfg = Debug
		{8DD141CA-94E7-4BE1-A4E8-6BDF0DFCF8F2}.Release|Any CPU.ActiveCfg = Release
	EndGlobalSection
	GlobalSection(SolutionProperties) = preSolution
		HideSolutionNode = FALSE
	EndGlobalSection
	GlobalSection(ExtensibilityGlobals) = postSolution
		SolutionGuid = {E458EF1C-3FFE-4334-8118-B1BFD9FE24E5}
	EndGlobalSection
EndGlobal
